{
  "nodes": {
    "categorifier": {
      "inputs": {
        "concat": [
          "concat"
        ],
        "flake-utils": [
          "flake-utils"
        ],
        "ghc-typelits-natnormalise": "ghc-typelits-natnormalise",
        "nixpkgs": [
          "nixpkgs"
        ],
        "yaya": "yaya"
      },
      "locked": {
        "lastModified": 1652808745,
        "narHash": "sha256-eNbTWsVVNw3wqskLm8jlH49zYM6vpF0PxAxeCOH3xmM=",
        "owner": "con-kitty",
        "repo": "categorifier",
        "rev": "9065b7821d6a6d2b7fc8733a1d08091c485a607d",
        "type": "github"
      },
      "original": {
        "owner": "con-kitty",
        "ref": "wavewave-flakes-2",
        "repo": "categorifier",
        "type": "github"
      }
    },
    "concat": {
      "inputs": {
        "flake-utils": "flake-utils",
        "nixpkgs": [
          "nixpkgs"
        ]
      },
      "locked": {
        "lastModified": 1652808558,
        "narHash": "sha256-gVMOsKkLeIxthdbx0EZjCwn85wlN22Wq69eCG5Y/BPQ=",
        "owner": "con-kitty",
        "repo": "concat",
        "rev": "c4b2711222727a9f5cbcc5e80681c1de1e6f6035",
        "type": "github"
      },
      "original": {
        "owner": "con-kitty",
        "ref": "wavewave-flake",
        "repo": "concat",
        "type": "github"
      }
    },
    "connections": {
      "flake": false,
      "locked": {
        "lastModified": 1649885499,
        "narHash": "sha256-kyE0v3n1OJXBxTkdXstvR+1g5MDHbK0QB0EqDopYHE8=",
        "owner": "cmk",
        "repo": "connections",
        "rev": "e8f83fb816dccfbae27d18237c1988a08b8c79b1",
        "type": "github"
      },
      "original": {
        "owner": "cmk",
        "ref": "master",
        "repo": "connections",
        "type": "github"
      }
    },
    "flake-utils": {
      "locked": {
        "lastModified": 1649676176,
        "narHash": "sha256-OWKJratjt2RW151VUlJPRALb7OU2S5s+f0vLj4o1bHM=",
        "owner": "numtide",
        "repo": "flake-utils",
        "rev": "a4b154ebbdc88c8498a5c7b01589addc9e9cb678",
        "type": "github"
      },
      "original": {
        "owner": "numtide",
        "repo": "flake-utils",
        "type": "github"
      }
    },
    "flake-utils_2": {
      "locked": {
        "lastModified": 1652372896,
        "narHash": "sha256-lURGussfF3mGrFPQT3zgW7+RC0pBhbHzco0C7I+ilow=",
        "owner": "numtide",
        "repo": "flake-utils",
        "rev": "0d347c56f6f41de822a4f4c7ff5072f3382db121",
        "type": "github"
      },
      "original": {
        "owner": "numtide",
        "repo": "flake-utils",
        "type": "github"
      }
    },
    "ghc-typelits-natnormalise": {
      "flake": false,
      "locked": {
        "lastModified": 1649255014,
        "narHash": "sha256-NYbDIhQo+9xw0+16v0M+BRAVSYcThPhj+nTswSYxesM=",
        "owner": "clash-lang",
        "repo": "ghc-typelits-natnormalise",
        "rev": "a68b722a6b10a932621dbf578f1408745a37a5ca",
        "type": "github"
      },
      "original": {
        "owner": "clash-lang",
        "repo": "ghc-typelits-natnormalise",
        "rev": "a68b722a6b10a932621dbf578f1408745a37a5ca",
        "type": "github"
      }
    },
    "nixpkgs": {
      "locked": {
        "lastModified": 1652182392,
        "narHash": "sha256-H9Bmor+kfogrE0X7Fi5sh0gCUWDG4pnmYxedJyIT41A=",
        "owner": "NixOS",
        "repo": "nixpkgs",
        "rev": "aa2f845096f72dde4ad0c168eeec387cbd2eae04",
        "type": "github"
      },
      "original": {
        "owner": "NixOS",
        "ref": "nixos-21.11",
        "repo": "nixpkgs",
        "type": "github"
      }
    },
    "root": {
      "inputs": {
        "categorifier": "categorifier",
        "concat": "concat",
        "connections": "connections",
        "flake-utils": "flake-utils_2",
        "nixpkgs": "nixpkgs"
      }
    },
    "yaya": {
      "flake": false,
      "locked": {
        "lastModified": 1648062986,
        "narHash": "sha256-9vI57ESpQG/c0zNSZSbwX/MFzUq+NvwfAAlMCcLaBa4=",
        "owner": "sellout",
        "repo": "yaya",
        "rev": "c96718e6de9787284ace3602451f194ac7711ace",
        "type": "github"
      },
      "original": {
        "owner": "sellout",
        "repo": "yaya",
        "rev": "c96718e6de9787284ace3602451f194ac7711ace",
        "type": "github"
      }
    }
  },
  "root": "root",
  "version": 7
}
